packages:
  asic-cells:
    revision: aeab01045d4e03d21565fd1cd8d0c43bcaf5e54e
    version: null
    source:
      Git: git@github.com:cogsys-tudelft/asic-cells.git
    dependencies: []
  verilog-array-operations:
    revision: 37c58efe0d0e3d5c679b98bf01a82e516a8a4c00
    version: null
    source:
      Git: git@github.com:V0XNIHILI/verilog-array-operations.git
    dependencies: []
